
Microsoft Visual Studio Solution File, Format Version 12.00
# Visual Studio Version 16
VisualStudioVersion = 16.0.34301.259
MinimumVisualStudioVersion = 10.0.40219.1
Project("{FAE04EC0-301F-11D3-BF4B-00C04F79EFBC}") = "NumeroAleatorio_BF_5toB", "NumeroAleatorio_BF_5toB.csproj", "{120A3A09-815B-4538-9466-F1F4226E0657}"
EndProject
Global
	GlobalSection(SolutionConfigurationPlatforms) = preSolution
		Debug|Any CPU = Debug|Any CPU
		Release|Any CPU = Release|Any CPU
	EndGlobalSection
	GlobalSection(ProjectConfigurationPlatforms) = postSolution
		{120A3A09-815B-4538-9466-F1F4226E0657}.Debug|Any CPU.ActiveCfg = Debug|Any CPU
		{120A3A09-815B-4538-9466-F1F4226E0657}.Debug|Any CPU.Build.0 = Debug|Any CPU
		{120A3A09-815B-4538-9466-F1F4226E0657}.Release|Any CPU.ActiveCfg = Release|Any CPU
		{120A3A09-815B-4538-9466-F1F4226E0657}.Release|Any CPU.Build.0 = Release|Any CPU
	EndGlobalSection
	GlobalSection(SolutionProperties) = preSolution
		HideSolutionNode = FALSE
	EndGlobalSection
	GlobalSection(ExtensibilityGlobals) = postSolution
		SolutionGuid = {54BB9704-413B-4E36-9B93-D27442DACBFB}
	EndGlobalSection
EndGlobal
